
Microsoft Visual Studio Solution File, Format Version 12.00
# Visual Studio 15
VisualStudioVersion = 15.0.28307.489
MinimumVisualStudioVersion = 10.0.40219.1
Project("{FAE04EC0-301F-11D3-BF4B-00C04F79EFBC}") = "SimpleWebService", "SimpleWebService\SimpleWebService.csproj", "{126F765C-374D-436B-AB78-D4014D3EEAA4}"
EndProject
Global
	GlobalSection(SolutionConfigurationPlatforms) = preSolution
		Debug|Any CPU = Debug|Any CPU
		Release|Any CPU = Release|Any CPU
	EndGlobalSection
	GlobalSection(ProjectConfigurationPlatforms) = postSolution
		{126F765C-374D-436B-AB78-D4014D3EEAA4}.Debug|Any CPU.ActiveCfg = Debug|Any CPU
		{126F765C-374D-436B-AB78-D4014D3EEAA4}.Debug|Any CPU.Build.0 = Debug|Any CPU
		{126F765C-374D-436B-AB78-D4014D3EEAA4}.Release|Any CPU.ActiveCfg = Release|Any CPU
		{126F765C-374D-436B-AB78-D4014D3EEAA4}.Release|Any CPU.Build.0 = Release|Any CPU
	EndGlobalSection
	GlobalSection(SolutionProperties) = preSolution
		HideSolutionNode = FALSE
	EndGlobalSection
	GlobalSection(ExtensibilityGlobals) = postSolution
		SolutionGuid = {D3794475-A0B7-4F3E-A2D3-69EE92F26EF4}
	EndGlobalSection
EndGlobal
